
Microsoft Visual Studio Solution File, Format Version 12.00
# Visual Studio Version 16
VisualStudioVersion = 16.0.30204.135
MinimumVisualStudioVersion = 10.0.40219.1
Project("{FAE04EC0-301F-11D3-BF4B-00C04F79EFBC}") = "Api_RoleTop", "Api_RoleTop.csproj", "{B24AE6C9-5C50-4435-8825-A43DC155630C}"
EndProject
Global
	GlobalSection(SolutionConfigurationPlatforms) = preSolution
		Debug|Any CPU = Debug|Any CPU
		Release|Any CPU = Release|Any CPU
	EndGlobalSection
	GlobalSection(ProjectConfigurationPlatforms) = postSolution
		{B24AE6C9-5C50-4435-8825-A43DC155630C}.Debug|Any CPU.ActiveCfg = Debug|Any CPU
		{B24AE6C9-5C50-4435-8825-A43DC155630C}.Debug|Any CPU.Build.0 = Debug|Any CPU
		{B24AE6C9-5C50-4435-8825-A43DC155630C}.Release|Any CPU.ActiveCfg = Release|Any CPU
		{B24AE6C9-5C50-4435-8825-A43DC155630C}.Release|Any CPU.Build.0 = Release|Any CPU
	EndGlobalSection
	GlobalSection(SolutionProperties) = preSolution
		HideSolutionNode = FALSE
	EndGlobalSection
	GlobalSection(ExtensibilityGlobals) = postSolution
		SolutionGuid = {BAE05D04-068F-4483-BB59-FBE5DDD2B3B6}
	EndGlobalSection
EndGlobal
