
Microsoft Visual Studio Solution File, Format Version 12.00
# Visual Studio Version 16
VisualStudioVersion = 16.0.30204.135
MinimumVisualStudioVersion = 10.0.40219.1
Project("{FAE04EC0-301F-11D3-BF4B-00C04F79EFBC}") = "RoleTop_Api", "RoleTop_Api.csproj", "{D08519FE-C289-435B-9A78-15517F4BE542}"
EndProject
Global
	GlobalSection(SolutionConfigurationPlatforms) = preSolution
		Debug|Any CPU = Debug|Any CPU
		Release|Any CPU = Release|Any CPU
	EndGlobalSection
	GlobalSection(ProjectConfigurationPlatforms) = postSolution
		{D08519FE-C289-435B-9A78-15517F4BE542}.Debug|Any CPU.ActiveCfg = Debug|Any CPU
		{D08519FE-C289-435B-9A78-15517F4BE542}.Debug|Any CPU.Build.0 = Debug|Any CPU
		{D08519FE-C289-435B-9A78-15517F4BE542}.Release|Any CPU.ActiveCfg = Release|Any CPU
		{D08519FE-C289-435B-9A78-15517F4BE542}.Release|Any CPU.Build.0 = Release|Any CPU
	EndGlobalSection
	GlobalSection(SolutionProperties) = preSolution
		HideSolutionNode = FALSE
	EndGlobalSection
	GlobalSection(ExtensibilityGlobals) = postSolution
		SolutionGuid = {C59ACA12-079C-47A0-B9AF-72D8D27823B9}
	EndGlobalSection
EndGlobal
